{
  "nodes": {
    "hipother": {
      "flake": false,
      "locked": {
        "lastModified": 1762304209,
        "narHash": "sha256-qHgsAcz8pSTLeaFlG8H5fCbFVpcjwm+6xa5RGC69Otc=",
        "owner": "ROCm",
        "repo": "hipother",
        "rev": "e56867449451fa4e12d068fedf502423a8d29191",
        "type": "github"
      },
      "original": {
        "owner": "ROCm",
        "ref": "rocm-7.2.0",
        "repo": "hipother",
        "type": "github"
      }
    },
    "nixpkgs": {
      "locked": {
        "lastModified": 1785454630,
        "narHash": "sha256-LQy14TZp77TwbQf40gg1V3jo8FwJG0jGDkAH+zRHqg8=",
        "owner": "NixOS",
        "repo": "nixpkgs",
        "rev": "1559d3daa3ecc813a650b79375ea61b6741b8746",
        "type": "github"
      },
      "original": {
        "owner": "NixOS",
        "ref": "nixos-unstable",
        "repo": "nixpkgs",
        "type": "github"
      }
    },
    "root": {
      "inputs": {
        "hipother": "hipother",
        "nixpkgs": "nixpkgs"
      }
    }
  },
  "root": "root",
  "version": 7
}
